
Microsoft Visual Studio Solution File, Format Version 12.00
# Visual Studio Version 17
VisualStudioVersion = 17.10.34916.146
MinimumVisualStudioVersion = 10.0.40219.1
Project("{FAE04EC0-301F-11D3-BF4B-00C04F79EFBC}") = "API", "API\API.csproj", "{7BFD66E4-AE6D-4569-A5A6-331F3D544794}"
EndProject
Global
	GlobalSection(SolutionConfigurationPlatforms) = preSolution
		Debug|Any CPU = Debug|Any CPU
		Release|Any CPU = Release|Any CPU
	EndGlobalSection
	GlobalSection(ProjectConfigurationPlatforms) = postSolution
		{7BFD66E4-AE6D-4569-A5A6-331F3D544794}.Debug|Any CPU.ActiveCfg = Debug|Any CPU
		{7BFD66E4-AE6D-4569-A5A6-331F3D544794}.Debug|Any CPU.Build.0 = Debug|Any CPU
		{7BFD66E4-AE6D-4569-A5A6-331F3D544794}.Release|Any CPU.ActiveCfg = Release|Any CPU
		{7BFD66E4-AE6D-4569-A5A6-331F3D544794}.Release|Any CPU.Build.0 = Release|Any CPU
	EndGlobalSection
	GlobalSection(SolutionProperties) = preSolution
		HideSolutionNode = FALSE
	EndGlobalSection
	GlobalSection(ExtensibilityGlobals) = postSolution
		SolutionGuid = {BC51FFB7-0DD4-43A0-A162-047361C1BC6F}
	EndGlobalSection
EndGlobal
